
Microsoft Visual Studio Solution File, Format Version 12.00
# Visual Studio Version 17
VisualStudioVersion = 17.12.35707.178
MinimumVisualStudioVersion = 10.0.40219.1
Project("{FAE04EC0-301F-11D3-BF4B-00C04F79EFBC}") = "DataAccess", "DataAccess\DataAccess.csproj", "{B671EA29-F08F-4416-9352-47FDE9B98E9A}"
EndProject
Project("{FAE04EC0-301F-11D3-BF4B-00C04F79EFBC}") = "BusinessLogic", "BusinessLogic\BusinessLogic.csproj", "{E88BE3B3-E080-494E-B466-0F4A242BDB52}"
	ProjectSection(ProjectDependencies) = postProject
		{3A35201A-E278-402E-8C6F-4F18BD56AA14} = {3A35201A-E278-402E-8C6F-4F18BD56AA14}
		{B671EA29-F08F-4416-9352-47FDE9B98E9A} = {B671EA29-F08F-4416-9352-47FDE9B98E9A}
	EndProjectSection
EndProject
Project("{FAE04EC0-301F-11D3-BF4B-00C04F79EFBC}") = "MauiGui", "MauiGui\MauiGui.csproj", "{2FB75147-F02A-414C-9894-9D0E8433DA92}"
	ProjectSection(ProjectDependencies) = postProject
		{B671EA29-F08F-4416-9352-47FDE9B98E9A} = {B671EA29-F08F-4416-9352-47FDE9B98E9A}
		{E88BE3B3-E080-494E-B466-0F4A242BDB52} = {E88BE3B3-E080-494E-B466-0F4A242BDB52}
	EndProjectSection
EndProject
Project("{FAE04EC0-301F-11D3-BF4B-00C04F79EFBC}") = "DTO", "DTO\DTO.csproj", "{3A35201A-E278-402E-8C6F-4F18BD56AA14}"
EndProject
Project("{FAE04EC0-301F-11D3-BF4B-00C04F79EFBC}") = "Test", "Test\Test.csproj", "{2FE86475-7025-4306-9E4F-6CA474E4E4C8}"
	ProjectSection(ProjectDependencies) = postProject
		{2FB75147-F02A-414C-9894-9D0E8433DA92} = {2FB75147-F02A-414C-9894-9D0E8433DA92}
		{3A35201A-E278-402E-8C6F-4F18BD56AA14} = {3A35201A-E278-402E-8C6F-4F18BD56AA14}
		{B671EA29-F08F-4416-9352-47FDE9B98E9A} = {B671EA29-F08F-4416-9352-47FDE9B98E9A}
		{E88BE3B3-E080-494E-B466-0F4A242BDB52} = {E88BE3B3-E080-494E-B466-0F4A242BDB52}
	EndProjectSection
EndProject
Global
	GlobalSection(SolutionConfigurationPlatforms) = preSolution
		Debug|Any CPU = Debug|Any CPU
		Release|Any CPU = Release|Any CPU
	EndGlobalSection
	GlobalSection(ProjectConfigurationPlatforms) = postSolution
		{B671EA29-F08F-4416-9352-47FDE9B98E9A}.Debug|Any CPU.ActiveCfg = Debug|Any CPU
		{B671EA29-F08F-4416-9352-47FDE9B98E9A}.Debug|Any CPU.Build.0 = Debug|Any CPU
		{B671EA29-F08F-4416-9352-47FDE9B98E9A}.Release|Any CPU.ActiveCfg = Release|Any CPU
		{B671EA29-F08F-4416-9352-47FDE9B98E9A}.Release|Any CPU.Build.0 = Release|Any CPU
		{E88BE3B3-E080-494E-B466-0F4A242BDB52}.Debug|Any CPU.ActiveCfg = Debug|Any CPU
		{E88BE3B3-E080-494E-B466-0F4A242BDB52}.Debug|Any CPU.Build.0 = Debug|Any CPU
		{E88BE3B3-E080-494E-B466-0F4A242BDB52}.Release|Any CPU.ActiveCfg = Release|Any CPU
		{E88BE3B3-E080-494E-B466-0F4A242BDB52}.Release|Any CPU.Build.0 = Release|Any CPU
		{2FB75147-F02A-414C-9894-9D0E8433DA92}.Debug|Any CPU.ActiveCfg = Debug|Any CPU
		{2FB75147-F02A-414C-9894-9D0E8433DA92}.Debug|Any CPU.Build.0 = Debug|Any CPU
		{2FB75147-F02A-414C-9894-9D0E8433DA92}.Debug|Any CPU.Deploy.0 = Debug|Any CPU
		{2FB75147-F02A-414C-9894-9D0E8433DA92}.Release|Any CPU.ActiveCfg = Release|Any CPU
		{2FB75147-F02A-414C-9894-9D0E8433DA92}.Release|Any CPU.Build.0 = Release|Any CPU
		{2FB75147-F02A-414C-9894-9D0E8433DA92}.Release|Any CPU.Deploy.0 = Release|Any CPU
		{3A35201A-E278-402E-8C6F-4F18BD56AA14}.Debug|Any CPU.ActiveCfg = Debug|Any CPU
		{3A35201A-E278-402E-8C6F-4F18BD56AA14}.Debug|Any CPU.Build.0 = Debug|Any CPU
		{3A35201A-E278-402E-8C6F-4F18BD56AA14}.Release|Any CPU.ActiveCfg = Release|Any CPU
		{3A35201A-E278-402E-8C6F-4F18BD56AA14}.Release|Any CPU.Build.0 = Release|Any CPU
		{2FE86475-7025-4306-9E4F-6CA474E4E4C8}.Debug|Any CPU.ActiveCfg = Debug|Any CPU
		{2FE86475-7025-4306-9E4F-6CA474E4E4C8}.Debug|Any CPU.Build.0 = Debug|Any CPU
		{2FE86475-7025-4306-9E4F-6CA474E4E4C8}.Release|Any CPU.ActiveCfg = Release|Any CPU
		{2FE86475-7025-4306-9E4F-6CA474E4E4C8}.Release|Any CPU.Build.0 = Release|Any CPU
	EndGlobalSection
	GlobalSection(SolutionProperties) = preSolution
		HideSolutionNode = FALSE
	EndGlobalSection
	GlobalSection(ExtensibilityGlobals) = postSolution
		SolutionGuid = {FFE7444E-FA73-4C62-9326-A6310960328C}
	EndGlobalSection
EndGlobal
